lockfileVersion: '6.0'

settings:
  autoInstallPeers: true
  excludeLinksFromLockfile: false

importers:

  .: {}

  package:
    devDependencies:
      '@types/node':
        specifier: 20.0.0
        version: 20.0.0
      '@types/react':
        specifier: 18.2.43
        version: 18.2.43
      next:
        specifier: 14.0.4
        version: 14.0.4(react-dom@18.2.0)(react@18.2.0)
      react:
        specifier: 18.2.0
        version: 18.2.0
      react-dom:
        specifier: 18.2.0
        version: 18.2.0(react@18.2.0)
      typescript:
        specifier: 5.3.2
        version: 5.3.2

  tests/nextjs-app:
    dependencies:
      '@nimpl/getters':
        specifier: link:../../package
        version: link:../../package
      next:
        specifier: latest
        version: 14.2.1(@playwright/test@1.43.1)(react-dom@18.2.0)(react@18.2.0)
      react:
        specifier: ^18.2.0
        version: 18.2.0
      react-dom:
        specifier: ^18.2.0
        version: 18.2.0(react@18.2.0)
    devDependencies:
      '@playwright/test':
        specifier: ^1.40.1
        version: 1.43.1
      '@types/node':
        specifier: 20.10.4
        version: 20.10.4
      '@types/react':
        specifier: 18.2.45
        version: 18.2.45
      typescript:
        specifier: 5.3.3
        version: 5.3.3

  tests/server-contexts:
    dependencies:
      '@nimpl/getters':
        specifier: link:../../package
        version: link:../../package
      next:
        specifier: latest
        version: 14.2.1(@playwright/test@1.43.1)(react-dom@18.2.0)(react@18.2.0)
      react:
        specifier: ^18.2.0
        version: 18.2.0
      react-dom:
        specifier: ^18.2.0
        version: 18.2.0(react@18.2.0)
    devDependencies:
      '@playwright/test':
        specifier: ^1.40.1
        version: 1.43.1
      '@types/node':
        specifier: 20.10.4
        version: 20.10.4
      '@types/react':
        specifier: 18.2.45
        version: 18.2.45
      typescript:
        specifier: 5.3.3
        version: 5.3.3

packages:

  /@next/env@14.0.4:
    resolution: {integrity: sha512-irQnbMLbUNQpP1wcE5NstJtbuA/69kRfzBrpAD7Gsn8zm/CY6YQYc3HQBz8QPxwISG26tIm5afvvVbu508oBeQ==}
    dev: true

  /@next/env@14.2.1:
    resolution: {integrity: sha512-qsHJle3GU3CmVx7pUoXcghX4sRN+vINkbLdH611T8ZlsP//grzqVW87BSUgOZeSAD4q7ZdZicdwNe/20U2janA==}
    dev: false

  /@next/swc-darwin-arm64@14.0.4:
    resolution: {integrity: sha512-mF05E/5uPthWzyYDyptcwHptucf/jj09i2SXBPwNzbgBNc+XnwzrL0U6BmPjQeOL+FiB+iG1gwBeq7mlDjSRPg==}
    engines: {node: '>= 10'}
    cpu: [arm64]
    os: [darwin]
    requiresBuild: true
    dev: true
    optional: true

  /@next/swc-darwin-arm64@14.2.1:
    resolution: {integrity: sha512-kGjnjcIJehEcd3rT/3NAATJQndAEELk0J9GmGMXHSC75TMnvpOhONcjNHbjtcWE5HUQnIHy5JVkatrnYm1QhVw==}
    engines: {node: '>= 10'}
    cpu: [arm64]
    os: [darwin]
    requiresBuild: true
    dev: false
    optional: true

  /@next/swc-darwin-x64@14.0.4:
    resolution: {integrity: sha512-IZQ3C7Bx0k2rYtrZZxKKiusMTM9WWcK5ajyhOZkYYTCc8xytmwSzR1skU7qLgVT/EY9xtXDG0WhY6fyujnI3rw==}
    engines: {node: '>= 10'}
    cpu: [x64]
    os: [darwin]
    requiresBuild: true
    dev: true
    optional: true

  /@next/swc-darwin-x64@14.2.1:
    resolution: {integrity: sha512-dAdWndgdQi7BK2WSXrx4lae7mYcOYjbHJUhvOUnJjMNYrmYhxbbvJ2xElZpxNxdfA6zkqagIB9He2tQk+l16ew==}
    engines: {node: '>= 10'}
    cpu: [x64]
    os: [darwin]
    requiresBuild: true
    dev: false
    optional: true

  /@next/swc-linux-arm64-gnu@14.0.4:
    resolution: {integrity: sha512-VwwZKrBQo/MGb1VOrxJ6LrKvbpo7UbROuyMRvQKTFKhNaXjUmKTu7wxVkIuCARAfiI8JpaWAnKR+D6tzpCcM4w==}
    engines: {node: '>= 10'}
    cpu: [arm64]
    os: [linux]
    requiresBuild: true
    dev: true
    optional: true

  /@next/swc-linux-arm64-gnu@14.2.1:
    resolution: {integrity: sha512-2ZctfnyFOGvTkoD6L+DtQtO3BfFz4CapoHnyLTXkOxbZkVRgg3TQBUjTD/xKrO1QWeydeo8AWfZRg8539qNKrg==}
    engines: {node: '>= 10'}
    cpu: [arm64]
    os: [linux]
    requiresBuild: true
    dev: false
    optional: true

  /@next/swc-linux-arm64-musl@14.0.4:
    resolution: {integrity: sha512-8QftwPEW37XxXoAwsn+nXlodKWHfpMaSvt81W43Wh8dv0gkheD+30ezWMcFGHLI71KiWmHK5PSQbTQGUiidvLQ==}
    engines: {node: '>= 10'}
    cpu: [arm64]
    os: [linux]
    requiresBuild: true
    dev: true
    optional: true

  /@next/swc-linux-arm64-musl@14.2.1:
    resolution: {integrity: sha512-jazZXctiaanemy4r+TPIpFP36t1mMwWCKMsmrTRVChRqE6putyAxZA4PDujx0SnfvZHosjdkx9xIq9BzBB5tWg==}
    engines: {node: '>= 10'}
    cpu: [arm64]
    os: [linux]
    requiresBuild: true
    dev: false
    optional: true

  /@next/swc-linux-x64-gnu@14.0.4:
    resolution: {integrity: sha512-/s/Pme3VKfZAfISlYVq2hzFS8AcAIOTnoKupc/j4WlvF6GQ0VouS2Q2KEgPuO1eMBwakWPB1aYFIA4VNVh667A==}
    engines: {node: '>= 10'}
    cpu: [x64]
    os: [linux]
    requiresBuild: true
    dev: true
    optional: true

  /@next/swc-linux-x64-gnu@14.2.1:
    resolution: {integrity: sha512-VjCHWCjsAzQAAo8lkBOLEIkBZFdfW+Z18qcQ056kL4KpUYc8o59JhLDCBlhg+hINQRgzQ2UPGma2AURGOH0+Qg==}
    engines: {node: '>= 10'}
    cpu: [x64]
    os: [linux]
    requiresBuild: true
    dev: false
    optional: true

  /@next/swc-linux-x64-musl@14.0.4:
    resolution: {integrity: sha512-m8z/6Fyal4L9Bnlxde5g2Mfa1Z7dasMQyhEhskDATpqr+Y0mjOBZcXQ7G5U+vgL22cI4T7MfvgtrM2jdopqWaw==}
    engines: {node: '>= 10'}
    cpu: [x64]
    os: [linux]
    requiresBuild: true
    dev: true
    optional: true

  /@next/swc-linux-x64-musl@14.2.1:
    resolution: {integrity: sha512-7HZKYKvAp4nAHiHIbY04finRqjeYvkITOGOurP1aLMexIFG/1+oCnqhGogBdc4lao/lkMW1c+AkwWSzSlLasqw==}
    engines: {node: '>= 10'}
    cpu: [x64]
    os: [linux]
    requiresBuild: true
    dev: false
    optional: true

  /@next/swc-win32-arm64-msvc@14.0.4:
    resolution: {integrity: sha512-7Wv4PRiWIAWbm5XrGz3D8HUkCVDMMz9igffZG4NB1p4u1KoItwx9qjATHz88kwCEal/HXmbShucaslXCQXUM5w==}
    engines: {node: '>= 10'}
    cpu: [arm64]
    os: [win32]
    requiresBuild: true
    dev: true
    optional: true

  /@next/swc-win32-arm64-msvc@14.2.1:
    resolution: {integrity: sha512-YGHklaJ/Cj/F0Xd8jxgj2p8po4JTCi6H7Z3Yics3xJhm9CPIqtl8erlpK1CLv+HInDqEWfXilqatF8YsLxxA2Q==}
    engines: {node: '>= 10'}
    cpu: [arm64]
    os: [win32]
    requiresBuild: true
    dev: false
    optional: true

  /@next/swc-win32-ia32-msvc@14.0.4:
    resolution: {integrity: sha512-zLeNEAPULsl0phfGb4kdzF/cAVIfaC7hY+kt0/d+y9mzcZHsMS3hAS829WbJ31DkSlVKQeHEjZHIdhN+Pg7Gyg==}
    engines: {node: '>= 10'}
    cpu: [ia32]
    os: [win32]
    requiresBuild: true
    dev: true
    optional: true

  /@next/swc-win32-ia32-msvc@14.2.1:
    resolution: {integrity: sha512-o+ISKOlvU/L43ZhtAAfCjwIfcwuZstiHVXq/BDsZwGqQE0h/81td95MPHliWCnFoikzWcYqh+hz54ZB2FIT8RA==}
    engines: {node: '>= 10'}
    cpu: [ia32]
    os: [win32]
    requiresBuild: true
    dev: false
    optional: true

  /@next/swc-win32-x64-msvc@14.0.4:
    resolution: {integrity: sha512-yEh2+R8qDlDCjxVpzOTEpBLQTEFAcP2A8fUFLaWNap9GitYKkKv1//y2S6XY6zsR4rCOPRpU7plYDR+az2n30A==}
    engines: {node: '>= 10'}
    cpu: [x64]
    os: [win32]
    requiresBuild: true
    dev: true
    optional: true

  /@next/swc-win32-x64-msvc@14.2.1:
    resolution: {integrity: sha512-GmRoTiLcvCLifujlisknv4zu9/C4i9r0ktsA8E51EMqJL4bD4CpO7lDYr7SrUxCR0tS4RVcrqKmCak24T0ohaw==}
    engines: {node: '>= 10'}
    cpu: [x64]
    os: [win32]
    requiresBuild: true
    dev: false
    optional: true

  /@playwright/test@1.43.1:
    resolution: {integrity: sha512-HgtQzFgNEEo4TE22K/X7sYTYNqEMMTZmFS8kTq6m8hXj+m1D8TgwgIbumHddJa9h4yl4GkKb8/bgAl2+g7eDgA==}
    engines: {node: '>=16'}
    hasBin: true
    dependencies:
      playwright: 1.43.1

  /@swc/counter@0.1.3:
    resolution: {integrity: sha512-e2BR4lsJkkRlKZ/qCHPw9ZaSxc0MVUd7gtbtaB7aMvHeJVYe8sOB8DBZkP2DtISHGSku9sCK6T6cnY0CtXrOCQ==}
    dev: false

  /@swc/helpers@0.5.2:
    resolution: {integrity: sha512-E4KcWTpoLHqwPHLxidpOqQbcrZVgi0rsmmZXUle1jXmJfuIf/UWpczUJ7MZZ5tlxytgJXyp0w4PGkkeLiuIdZw==}
    dependencies:
      tslib: 2.6.2
    dev: true

  /@swc/helpers@0.5.5:
    resolution: {integrity: sha512-KGYxvIOXcceOAbEk4bi/dVLEK9z8sZ0uBB3Il5b1rhfClSpcX0yfRO0KmTkqR2cnQDymwLB+25ZyMzICg/cm/A==}
    dependencies:
      '@swc/counter': 0.1.3
      tslib: 2.6.2
    dev: false

  /@types/node@20.0.0:
    resolution: {integrity: sha512-cD2uPTDnQQCVpmRefonO98/PPijuOnnEy5oytWJFPY1N9aJCz2wJ5kSGWO+zJoed2cY2JxQh6yBuUq4vIn61hw==}
    dev: true

  /@types/node@20.10.4:
    resolution: {integrity: sha512-D08YG6rr8X90YB56tSIuBaddy/UXAA9RKJoFvrsnogAum/0pmjkgi4+2nx96A330FmioegBWmEYQ+syqCFaveg==}
    dependencies:
      undici-types: 5.26.5
    dev: true

  /@types/prop-types@15.7.12:
    resolution: {integrity: sha512-5zvhXYtRNRluoE/jAp4GVsSduVUzNWKkOZrCDBWYtE7biZywwdC2AcEzg+cSMLFRfVgeAFqpfNabiPjxFddV1Q==}
    dev: true

  /@types/react@18.2.43:
    resolution: {integrity: sha512-nvOV01ZdBdd/KW6FahSbcNplt2jCJfyWdTos61RYHV+FVv5L/g9AOX1bmbVcWcLFL8+KHQfh1zVIQrud6ihyQA==}
    dependencies:
      '@types/prop-types': 15.7.12
      '@types/scheduler': 0.23.0
      csstype: 3.1.3
    dev: true

  /@types/react@18.2.45:
    resolution: {integrity: sha512-TtAxCNrlrBp8GoeEp1npd5g+d/OejJHFxS3OWmrPBMFaVQMSN0OFySozJio5BHxTuTeug00AVXVAjfDSfk+lUg==}
    dependencies:
      '@types/prop-types': 15.7.12
      '@types/scheduler': 0.23.0
      csstype: 3.1.3
    dev: true

  /@types/scheduler@0.23.0:
    resolution: {integrity: sha512-YIoDCTH3Af6XM5VuwGG/QL/CJqga1Zm3NkU3HZ4ZHK2fRMPYP1VczsTUqtsf43PH/iJNVlPHAo2oWX7BSdB2Hw==}
    dev: true

  /busboy@1.6.0:
    resolution: {integrity: sha512-8SFQbg/0hQ9xy3UNTB0YEnsNBbWfhf7RtnzpL7TkBiTBRfrQ9Fxcnz7VJsleJpyp6rVLvXiuORqjlHi5q+PYuA==}
    engines: {node: '>=10.16.0'}
    dependencies:
      streamsearch: 1.1.0

  /caniuse-lite@1.0.30001610:
    resolution: {integrity: sha512-QFutAY4NgaelojVMjY63o6XlZyORPaLfyMnsl3HgnWdJUcX6K0oaJymHjH8PT5Gk7sTm8rvC/c5COUQKXqmOMA==}

  /client-only@0.0.1:
    resolution: {integrity: sha512-IV3Ou0jSMzZrd3pZ48nLkT9DA7Ag1pnPzaiQhpW7c3RbcqqzvzzVu+L8gfqMp/8IM2MQtSiqaCxrrcfu8I8rMA==}

  /csstype@3.1.3:
    resolution: {integrity: sha512-M1uQkMl8rQK/szD0LNhtqxIPLpimGm8sOBwU7lLnCpSbTyY3yeU1Vc7l4KT5zT4s/yOxHH5O7tIuuLOCnLADRw==}
    dev: true

  /fsevents@2.3.2:
    resolution: {integrity: sha512-xiqMQR4xAeHTuB9uWm+fFRcIOgKBMiOBP+eXiyT7jsgVCq1bkVygt00oASowB7EdtpOHaaPgKt812P9ab+DDKA==}
    engines: {node: ^8.16.0 || ^10.6.0 || >=11.0.0}
    os: [darwin]
    requiresBuild: true
    optional: true

  /glob-to-regexp@0.4.1:
    resolution: {integrity: sha512-lkX1HJXwyMcprw/5YUZc2s7DrpAiHB21/V+E1rHUrVNokkvB6bqMzT0VfV6/86ZNabt1k14YOIaT7nDvOX3Iiw==}
    dev: true

  /graceful-fs@4.2.11:
    resolution: {integrity: sha512-RbJ5/jmFcNNCcDV5o9eTnBLJ/HszWV0P73bc+Ff4nS/rJj+YaS6IGyiOL0VoBYX+l1Wrl3k63h/KrH+nhJ0XvQ==}

  /js-tokens@4.0.0:
    resolution: {integrity: sha512-RdJUflcE3cUzKiMqQgsCu06FPu9UdIJO0beYbPhHN4k6apgJtifcoCtT9bcxOpYBtpD2kCM6Sbzg4CausW/PKQ==}

  /loose-envify@1.4.0:
    resolution: {integrity: sha512-lyuxPGr/Wfhrlem2CL/UcnUc1zcqKAImBDzukY7Y5F/yQiNdko6+fRLevlw1HgMySw7f611UIY408EtxRSoK3Q==}
    hasBin: true
    dependencies:
      js-tokens: 4.0.0

  /nanoid@3.3.7:
    resolution: {integrity: sha512-eSRppjcPIatRIMC1U6UngP8XFcz8MQWGQdt1MTBQ7NaAmvXDfvNxbvWV3x2y6CdEUciCSsDHDQZbhYaB8QEo2g==}
    engines: {node: ^10 || ^12 || ^13.7 || ^14 || >=15.0.1}
    hasBin: true

  /next@14.0.4(react-dom@18.2.0)(react@18.2.0):
    resolution: {integrity: sha512-qbwypnM7327SadwFtxXnQdGiKpkuhaRLE2uq62/nRul9cj9KhQ5LhHmlziTNqUidZotw/Q1I9OjirBROdUJNgA==}
    engines: {node: '>=18.17.0'}
    hasBin: true
    peerDependencies:
      '@opentelemetry/api': ^1.1.0
      react: ^18.2.0
      react-dom: ^18.2.0
      sass: ^1.3.0
    peerDependenciesMeta:
      '@opentelemetry/api':
        optional: true
      sass:
        optional: true
    dependencies:
      '@next/env': 14.0.4
      '@swc/helpers': 0.5.2
      busboy: 1.6.0
      caniuse-lite: 1.0.30001610
      graceful-fs: 4.2.11
      postcss: 8.4.31
      react: 18.2.0
      react-dom: 18.2.0(react@18.2.0)
      styled-jsx: 5.1.1(react@18.2.0)
      watchpack: 2.4.0
    optionalDependencies:
      '@next/swc-darwin-arm64': 14.0.4
      '@next/swc-darwin-x64': 14.0.4
      '@next/swc-linux-arm64-gnu': 14.0.4
      '@next/swc-linux-arm64-musl': 14.0.4
      '@next/swc-linux-x64-gnu': 14.0.4
      '@next/swc-linux-x64-musl': 14.0.4
      '@next/swc-win32-arm64-msvc': 14.0.4
      '@next/swc-win32-ia32-msvc': 14.0.4
      '@next/swc-win32-x64-msvc': 14.0.4
    transitivePeerDependencies:
      - '@babel/core'
      - babel-plugin-macros
    dev: true

  /next@14.2.1(@playwright/test@1.43.1)(react-dom@18.2.0)(react@18.2.0):
    resolution: {integrity: sha512-SF3TJnKdH43PMkCcErLPv+x/DY1YCklslk3ZmwaVoyUfDgHKexuKlf9sEfBQ69w+ue8jQ3msLb+hSj1T19hGag==}
    engines: {node: '>=18.17.0'}
    hasBin: true
    peerDependencies:
      '@opentelemetry/api': ^1.1.0
      '@playwright/test': ^1.41.2
      react: ^18.2.0
      react-dom: ^18.2.0
      sass: ^1.3.0
    peerDependenciesMeta:
      '@opentelemetry/api':
        optional: true
      '@playwright/test':
        optional: true
      sass:
        optional: true
    dependencies:
      '@next/env': 14.2.1
      '@playwright/test': 1.43.1
      '@swc/helpers': 0.5.5
      busboy: 1.6.0
      caniuse-lite: 1.0.30001610
      graceful-fs: 4.2.11
      postcss: 8.4.31
      react: 18.2.0
      react-dom: 18.2.0(react@18.2.0)
      styled-jsx: 5.1.1(react@18.2.0)
    optionalDependencies:
      '@next/swc-darwin-arm64': 14.2.1
      '@next/swc-darwin-x64': 14.2.1
      '@next/swc-linux-arm64-gnu': 14.2.1
      '@next/swc-linux-arm64-musl': 14.2.1
      '@next/swc-linux-x64-gnu': 14.2.1
      '@next/swc-linux-x64-musl': 14.2.1
      '@next/swc-win32-arm64-msvc': 14.2.1
      '@next/swc-win32-ia32-msvc': 14.2.1
      '@next/swc-win32-x64-msvc': 14.2.1
    transitivePeerDependencies:
      - '@babel/core'
      - babel-plugin-macros
    dev: false

  /picocolors@1.0.0:
    resolution: {integrity: sha512-1fygroTLlHu66zi26VoTDv8yRgm0Fccecssto+MhsZ0D/DGW2sm8E8AjW7NU5VVTRt5GxbeZ5qBuJr+HyLYkjQ==}

  /playwright-core@1.43.1:
    resolution: {integrity: sha512-EI36Mto2Vrx6VF7rm708qSnesVQKbxEWvPrfA1IPY6HgczBplDx7ENtx+K2n4kJ41sLLkuGfmb0ZLSSXlDhqPg==}
    engines: {node: '>=16'}
    hasBin: true

  /playwright@1.43.1:
    resolution: {integrity: sha512-V7SoH0ai2kNt1Md9E3Gwas5B9m8KR2GVvwZnAI6Pg0m3sh7UvgiYhRrhsziCmqMJNouPckiOhk8T+9bSAK0VIA==}
    engines: {node: '>=16'}
    hasBin: true
    dependencies:
      playwright-core: 1.43.1
    optionalDependencies:
      fsevents: 2.3.2

  /postcss@8.4.31:
    resolution: {integrity: sha512-PS08Iboia9mts/2ygV3eLpY5ghnUcfLV/EXTOW1E2qYxJKGGBUtNjN76FYHnMs36RmARn41bC0AZmn+rR0OVpQ==}
    engines: {node: ^10 || ^12 || >=14}
    dependencies:
      nanoid: 3.3.7
      picocolors: 1.0.0
      source-map-js: 1.2.0

  /react-dom@18.2.0(react@18.2.0):
    resolution: {integrity: sha512-6IMTriUmvsjHUjNtEDudZfuDQUoWXVxKHhlEGSk81n4YFS+r/Kl99wXiwlVXtPBtJenozv2P+hxDsw9eA7Xo6g==}
    peerDependencies:
      react: ^18.2.0
    dependencies:
      loose-envify: 1.4.0
      react: 18.2.0
      scheduler: 0.23.0

  /react@18.2.0:
    resolution: {integrity: sha512-/3IjMdb2L9QbBdWiW5e3P2/npwMBaU9mHCSCUzNln0ZCYbcfTsGbTJrU/kGemdH2IWmB2ioZ+zkxtmq6g09fGQ==}
    engines: {node: '>=0.10.0'}
    dependencies:
      loose-envify: 1.4.0

  /scheduler@0.23.0:
    resolution: {integrity: sha512-CtuThmgHNg7zIZWAXi3AsyIzA3n4xx7aNyjwC2VJldO2LMVDhFK+63xGqq6CsJH4rTAt6/M+N4GhZiDYPx9eUw==}
    dependencies:
      loose-envify: 1.4.0

  /source-map-js@1.2.0:
    resolution: {integrity: sha512-itJW8lvSA0TXEphiRoawsCksnlf8SyvmFzIhltqAHluXd88pkCd+cXJVHTDwdCr0IzwptSm035IHQktUu1QUMg==}
    engines: {node: '>=0.10.0'}

  /streamsearch@1.1.0:
    resolution: {integrity: sha512-Mcc5wHehp9aXz1ax6bZUyY5afg9u2rv5cqQI3mRrYkGC8rW2hM02jWuwjtL++LS5qinSyhj2QfLyNsuc+VsExg==}
    engines: {node: '>=10.0.0'}

  /styled-jsx@5.1.1(react@18.2.0):
    resolution: {integrity: sha512-pW7uC1l4mBZ8ugbiZrcIsiIvVx1UmTfw7UkC3Um2tmfUq9Bhk8IiyEIPl6F8agHgjzku6j0xQEZbfA5uSgSaCw==}
    engines: {node: '>= 12.0.0'}
    peerDependencies:
      '@babel/core': '*'
      babel-plugin-macros: '*'
      react: '>= 16.8.0 || 17.x.x || ^18.0.0-0'
    peerDependenciesMeta:
      '@babel/core':
        optional: true
      babel-plugin-macros:
        optional: true
    dependencies:
      client-only: 0.0.1
      react: 18.2.0

  /tslib@2.6.2:
    resolution: {integrity: sha512-AEYxH93jGFPn/a2iVAwW87VuUIkR1FVUKB77NwMF7nBTDkDrrT/Hpt/IrCJ0QXhW27jTBDcf5ZY7w6RiqTMw2Q==}

  /typescript@5.3.2:
    resolution: {integrity: sha512-6l+RyNy7oAHDfxC4FzSJcz9vnjTKxrLpDG5M2Vu4SHRVNg6xzqZp6LYSR9zjqQTu8DU/f5xwxUdADOkbrIX2gQ==}
    engines: {node: '>=14.17'}
    hasBin: true
    dev: true

  /typescript@5.3.3:
    resolution: {integrity: sha512-pXWcraxM0uxAS+tN0AG/BF2TyqmHO014Z070UsJ+pFvYuRSq8KH8DmWpnbXe0pEPDHXZV3FcAbJkijJ5oNEnWw==}
    engines: {node: '>=14.17'}
    hasBin: true
    dev: true

  /undici-types@5.26.5:
    resolution: {integrity: sha512-JlCMO+ehdEIKqlFxk6IfVoAUVmgz7cU7zD/h9XZ0qzeosSHmUJVOzSQvvYSYWXkFXC+IfLKSIffhv0sVZup6pA==}
    dev: true

  /watchpack@2.4.0:
    resolution: {integrity: sha512-Lcvm7MGST/4fup+ifyKi2hjyIAwcdI4HRgtvTpIUxBRhB+RFtUh8XtDOxUfctVCnhVi+QQj49i91OyvzkJl6cg==}
    engines: {node: '>=10.13.0'}
    dependencies:
      glob-to-regexp: 0.4.1
      graceful-fs: 4.2.11
    dev: true
